PODS:
  - Flutter (1.0.0)
  - health (13.3.1):
    - Flutter

DEPENDENCIES:
  - Flutter (from `Flutter`)
  - health (from `.symlinks/plugins/health/ios`)

EXTERNAL SOURCES:
  Flutter:
    :path: Flutter
  health:
    :path: ".symlinks/plugins/health/ios"

SPEC CHECKSUMS:
  Flutter: 71a624a5bc0c04062bf19101d501e466baf2fb47
  health: 4decf5d74e8f54c58a8c07a385fc72f629a831d9

PODFILE CHECKSUM: dc2902c695a2c3562f3c4d0d939014d8e0f6fec7

COCOAPODS: 1.17.0
